
Microsoft Visual Studio Solution File, Format Version 12.00
# Visual Studio Version 16
VisualStudioVersion = 16.0.34601.136
MinimumVisualStudioVersion = 10.0.40219.1
Project("{FAE04EC0-301F-11D3-BF4B-00C04F79EFBC}") = "InVentSoft.DAL", "InVentSoft.DAL\InVentSoft.DAL.csproj", "{6948DEE7-93E5-45D8-81FE-E32F493A08C2}"
EndProject
Project("{FAE04EC0-301F-11D3-BF4B-00C04F79EFBC}") = "InVentSoft.Testing", "InVentSoft.Testing\InVentSoft.Testing.csproj", "{43E7939D-CDB2-4058-A83A-1445FD895249}"
EndProject
Project("{FAE04EC0-301F-11D3-BF4B-00C04F79EFBC}") = "InVentSoft.BLL", "InVentSoft.BLL\InVentSoft.BLL.csproj", "{F6B5831D-8DE2-4A0D-8EC0-16E3BEFE6E77}"
EndProject
Project("{FAE04EC0-301F-11D3-BF4B-00C04F79EFBC}") = "InVentSoft.UI", "InVentSoft.UI\InVentSoft.UI.csproj", "{C9965F79-6FA9-490A-9161-1033224D8C3F}"
EndProject
Global
	GlobalSection(SolutionConfigurationPlatforms) = preSolution
		Debug|Any CPU = Debug|Any CPU
		Release|Any CPU = Release|Any CPU
	EndGlobalSection
	GlobalSection(ProjectConfigurationPlatforms) = postSolution
		{6948DEE7-93E5-45D8-81FE-E32F493A08C2}.Debug|Any CPU.ActiveCfg = Debug|Any CPU
		{6948DEE7-93E5-45D8-81FE-E32F493A08C2}.Debug|Any CPU.Build.0 = Debug|Any CPU
		{6948DEE7-93E5-45D8-81FE-E32F493A08C2}.Release|Any CPU.ActiveCfg = Release|Any CPU
		{6948DEE7-93E5-45D8-81FE-E32F493A08C2}.Release|Any CPU.Build.0 = Release|Any CPU
		{43E7939D-CDB2-4058-A83A-1445FD895249}.Debug|Any CPU.ActiveCfg = Debug|Any CPU
		{43E7939D-CDB2-4058-A83A-1445FD895249}.Debug|Any CPU.Build.0 = Debug|Any CPU
		{43E7939D-CDB2-4058-A83A-1445FD895249}.Release|Any CPU.ActiveCfg = Release|Any CPU
		{43E7939D-CDB2-4058-A83A-1445FD895249}.Release|Any CPU.Build.0 = Release|Any CPU
		{F6B5831D-8DE2-4A0D-8EC0-16E3BEFE6E77}.Debug|Any CPU.ActiveCfg = Debug|Any CPU
		{F6B5831D-8DE2-4A0D-8EC0-16E3BEFE6E77}.Debug|Any CPU.Build.0 = Debug|Any CPU
		{F6B5831D-8DE2-4A0D-8EC0-16E3BEFE6E77}.Release|Any CPU.ActiveCfg = Release|Any CPU
		{F6B5831D-8DE2-4A0D-8EC0-16E3BEFE6E77}.Release|Any CPU.Build.0 = Release|Any CPU
		{C9965F79-6FA9-490A-9161-1033224D8C3F}.Debug|Any CPU.ActiveCfg = Debug|Any CPU
		{C9965F79-6FA9-490A-9161-1033224D8C3F}.Debug|Any CPU.Build.0 = Debug|Any CPU
		{C9965F79-6FA9-490A-9161-1033224D8C3F}.Release|Any CPU.ActiveCfg = Release|Any CPU
		{C9965F79-6FA9-490A-9161-1033224D8C3F}.Release|Any CPU.Build.0 = Release|Any CPU
	EndGlobalSection
	GlobalSection(SolutionProperties) = preSolution
		HideSolutionNode = FALSE
	EndGlobalSection
	GlobalSection(ExtensibilityGlobals) = postSolution
		SolutionGuid = {6449E848-9228-48FE-93F0-581041AE54D9}
	EndGlobalSection
EndGlobal
