
Microsoft Visual Studio Solution File, Format Version 12.00
# Visual Studio Version 16
VisualStudioVersion = 16.0.34601.136
MinimumVisualStudioVersion = 10.0.40219.1
Project("{FAE04EC0-301F-11D3-BF4B-00C04F79EFBC}") = "InventSoft.Presentacion", "InventSoft.Presentacion\InventSoft.Presentacion.csproj", "{8BDF7D02-724E-48EF-A3ED-1C7B47BB32E6}"
EndProject
Project("{FAE04EC0-301F-11D3-BF4B-00C04F79EFBC}") = "InventSoft.Negocio", "InventSoft.Negocio\InventSoft.Negocio.csproj", "{1239C194-4A1E-42E8-8015-44FE2D23B71C}"
EndProject
Project("{FAE04EC0-301F-11D3-BF4B-00C04F79EFBC}") = "InventSoft.Datos", "InventSoft.Datos\InventSoft.Datos.csproj", "{B093546F-0540-48F7-9860-061B7B02FC0A}"
EndProject
Project("{FAE04EC0-301F-11D3-BF4B-00C04F79EFBC}") = "Testing", "Testing\Testing.csproj", "{C3114B3E-FE60-4CA7-AAAF-2E719E5A9705}"
EndProject
Global
	GlobalSection(SolutionConfigurationPlatforms) = preSolution
		Debug|Any CPU = Debug|Any CPU
		Release|Any CPU = Release|Any CPU
	EndGlobalSection
	GlobalSection(ProjectConfigurationPlatforms) = postSolution
		{8BDF7D02-724E-48EF-A3ED-1C7B47BB32E6}.Debug|Any CPU.ActiveCfg = Debug|Any CPU
		{8BDF7D02-724E-48EF-A3ED-1C7B47BB32E6}.Debug|Any CPU.Build.0 = Debug|Any CPU
		{8BDF7D02-724E-48EF-A3ED-1C7B47BB32E6}.Release|Any CPU.ActiveCfg = Release|Any CPU
		{8BDF7D02-724E-48EF-A3ED-1C7B47BB32E6}.Release|Any CPU.Build.0 = Release|Any CPU
		{1239C194-4A1E-42E8-8015-44FE2D23B71C}.Debug|Any CPU.ActiveCfg = Debug|Any CPU
		{1239C194-4A1E-42E8-8015-44FE2D23B71C}.Debug|Any CPU.Build.0 = Debug|Any CPU
		{1239C194-4A1E-42E8-8015-44FE2D23B71C}.Release|Any CPU.ActiveCfg = Release|Any CPU
		{1239C194-4A1E-42E8-8015-44FE2D23B71C}.Release|Any CPU.Build.0 = Release|Any CPU
		{B093546F-0540-48F7-9860-061B7B02FC0A}.Debug|Any CPU.ActiveCfg = Debug|Any CPU
		{B093546F-0540-48F7-9860-061B7B02FC0A}.Debug|Any CPU.Build.0 = Debug|Any CPU
		{B093546F-0540-48F7-9860-061B7B02FC0A}.Release|Any CPU.ActiveCfg = Release|Any CPU
		{B093546F-0540-48F7-9860-061B7B02FC0A}.Release|Any CPU.Build.0 = Release|Any CPU
		{C3114B3E-FE60-4CA7-AAAF-2E719E5A9705}.Debug|Any CPU.ActiveCfg = Debug|Any CPU
		{C3114B3E-FE60-4CA7-AAAF-2E719E5A9705}.Debug|Any CPU.Build.0 = Debug|Any CPU
		{C3114B3E-FE60-4CA7-AAAF-2E719E5A9705}.Release|Any CPU.ActiveCfg = Release|Any CPU
		{C3114B3E-FE60-4CA7-AAAF-2E719E5A9705}.Release|Any CPU.Build.0 = Release|Any CPU
	EndGlobalSection
	GlobalSection(SolutionProperties) = preSolution
		HideSolutionNode = FALSE
	EndGlobalSection
	GlobalSection(ExtensibilityGlobals) = postSolution
		SolutionGuid = {19E2368D-2979-4867-BAC6-8A800555B602}
	EndGlobalSection
EndGlobal
